github.com/MariaCFFrandsen/passwordless-authentication/authenticator v0.0.0-20220423063603-1aec229ccdf6 h1:wDe+midB6CoQw5siXzV2tF41YposV2UOmuKyMX9WSbo=
github.com/MariaCFFrandsen/passwordless-authentication/authenticator v0.0.0-20220423063603-1aec229ccdf6/go.mod h1:+H9RR4zkYlHFCNA81YOBwS1l2FImNLshBkn/uHdVMCM=
